
Microsoft Visual Studio Solution File, Format Version 12.00
# Visual Studio Version 16
VisualStudioVersion = 16.0.31515.178
MinimumVisualStudioVersion = 10.0.40219.1
Project("{FAE04EC0-301F-11D3-BF4B-00C04F79EFBC}") = "GreyAdministrationManager", "GreyAdministrationManager.csproj", "{EBBB454F-AF5D-41B7-81CB-9FC7EA379048}"
EndProject
Global
	GlobalSection(SolutionConfigurationPlatforms) = preSolution
		Debug|Any CPU = Debug|Any CPU
		Release|Any CPU = Release|Any CPU
	EndGlobalSection
	GlobalSection(ProjectConfigurationPlatforms) = postSolution
		{EBBB454F-AF5D-41B7-81CB-9FC7EA379048}.Debug|Any CPU.ActiveCfg = Debug|Any CPU
		{EBBB454F-AF5D-41B7-81CB-9FC7EA379048}.Debug|Any CPU.Build.0 = Debug|Any CPU
		{EBBB454F-AF5D-41B7-81CB-9FC7EA379048}.Release|Any CPU.ActiveCfg = Release|Any CPU
		{EBBB454F-AF5D-41B7-81CB-9FC7EA379048}.Release|Any CPU.Build.0 = Release|Any CPU
	EndGlobalSection
	GlobalSection(SolutionProperties) = preSolution
		HideSolutionNode = FALSE
	EndGlobalSection
	GlobalSection(ExtensibilityGlobals) = postSolution
		SolutionGuid = {17B38E93-4FD9-492B-AC8F-58CEE023C854}
	EndGlobalSection
EndGlobal
